{
  "version": 4,
  "terraform_version": "1.0.11",
  "serial": 132,
  "lineage": "517ce342-841a-98f3-7f18-c785116c3304",
  "outputs": {
    "linux_vm_public_name": {
      "value": [
        "linsimplevmips.westeurope.cloudapp.azure.com"
      ],
      "type": [
        "tuple",
        [
          "string"
        ]
      ]
    },
    "windows_vm_public_name": {
      "value": [
        "winsimplevmips1.westeurope.cloudapp.azure.com"
      ],
      "type": [
        "tuple",
        [
          "string"
        ]
      ]
    }
  },
  "resources": [
    {
      "mode": "managed",
      "type": "azurerm_network_security_rule",
      "name": "nsg",
      "provider": "provider[\"registry.terraform.io/hashicorp/azurerm\"]",
      "instances": [
        {
          "index_key": "103",
          "schema_version": 0,
          "attributes": {
            "access": "Allow",
            "description": "",
            "destination_address_prefix": "*",
            "destination_address_prefixes": null,
            "destination_application_security_group_ids": null,
            "destination_port_range": "*",
            "destination_port_ranges": null,
            "direction": "Inbound",
            "id": "/subscriptions/6a8d8fb6-128b-4e07-86e2-a66c0a4b6c2f/resourceGroups/example-resources/providers/Microsoft.Network/networkSecurityGroups/myvm-nsg/securityRules/test",
            "name": "test",
            "network_security_group_name": "myvm-nsg",
            "priority": 103,
            "protocol": "Tcp",
            "resource_group_name": "example-resources",
            "source_address_prefix": "*",
            "source_address_prefixes": null,
            "source_application_security_group_ids": null,
            "source_port_range": "*",
            "source_port_ranges": null,
            "timeouts": null
          },
          "sensitive_attributes": [],
          "private": "eyJlMmJmYjczMC1lY2FhLTExZTYtOGY4OC0zNDM2M2JjN2M0YzAiOnsiY3JlYXRlIjoxODAwMDAwMDAwMDAwLCJkZWxldGUiOjE4MDAwMDAwMDAwMDAsInJlYWQiOjMwMDAwMDAwMDAwMCwidXBkYXRlIjoxODAwMDAwMDAwMDAwfX0=",
          "dependencies": [
            "azurerm_resource_group.example",
            "module.linuxservers.azurerm_network_security_group.vm",
            "module.linuxservers.data.azurerm_resource_group.vm"
          ]
        }
      ]
    },
    {
      "mode": "managed",
      "type": "azurerm_resource_group",
      "name": "example",
      "provider": "provider[\"registry.terraform.io/hashicorp/azurerm\"]",
      "instances": [
        {
          "schema_version": 0,
          "attributes": {
            "id": "/subscriptions/6a8d8fb6-128b-4e07-86e2-a66c0a4b6c2f/resourceGroups/example-resources",
            "location": "westeurope",
            "name": "example-resources",
            "tags": null,
            "timeouts": null
          },
          "sensitive_attributes": [],
          "private": "eyJlMmJmYjczMC1lY2FhLTExZTYtOGY4OC0zNDM2M2JjN2M0YzAiOnsiY3JlYXRlIjo1NDAwMDAwMDAwMDAwLCJkZWxldGUiOjU0MDAwMDAwMDAwMDAsInJlYWQiOjMwMDAwMDAwMDAwMCwidXBkYXRlIjo1NDAwMDAwMDAwMDAwfX0="
        }
      ]
    },
    {
      "module": "module.hub_network",
      "mode": "data",
      "type": "azurerm_resource_group",
      "name": "network",
      "provider": "provider[\"registry.terraform.io/hashicorp/azurerm\"]",
      "instances": [
        {
          "schema_version": 0,
          "attributes": {
            "id": "/subscriptions/6a8d8fb6-128b-4e07-86e2-a66c0a4b6c2f/resourceGroups/example-resources",
            "location": "westeurope",
            "name": "example-resources",
            "tags": {},
            "timeouts": null
          },
          "sensitive_attributes": []
        }
      ]
    },
    {
      "module": "module.hub_network",
      "mode": "managed",
      "type": "azurerm_subnet",
      "name": "subnet",
      "provider": "provider[\"registry.terraform.io/hashicorp/azurerm\"]",
      "instances": [
        {
          "index_key": 0,
          "schema_version": 0,
          "attributes": {
            "address_prefix": "10.0.1.0/24",
            "address_prefixes": [
              "10.0.1.0/24"
            ],
            "delegation": [],
            "enforce_private_link_endpoint_network_policies": false,
            "enforce_private_link_service_network_policies": false,
            "id": "/subscriptions/6a8d8fb6-128b-4e07-86e2-a66c0a4b6c2f/resourceGroups/example-resources/providers/Microsoft.Network/virtualNetworks/hubnet/subnets/hub_subnet",
            "name": "hub_subnet",
            "resource_group_name": "example-resources",
            "service_endpoint_policy_ids": null,
            "service_endpoints": [],
            "timeouts": null,
            "virtual_network_name": "hubnet"
          },
          "sensitive_attributes": [],
          "private": "eyJlMmJmYjczMC1lY2FhLTExZTYtOGY4OC0zNDM2M2JjN2M0YzAiOnsiY3JlYXRlIjoxODAwMDAwMDAwMDAwLCJkZWxldGUiOjE4MDAwMDAwMDAwMDAsInJlYWQiOjMwMDAwMDAwMDAwMCwidXBkYXRlIjoxODAwMDAwMDAwMDAwfX0=",
          "dependencies": [
            "azurerm_resource_group.example",
            "module.hub_network.azurerm_virtual_network.vnet",
            "module.hub_network.data.azurerm_resource_group.network"
          ]
        }
      ]
    },
    {
      "module": "module.hub_network",
      "mode": "managed",
      "type": "azurerm_virtual_network",
      "name": "vnet",
      "provider": "provider[\"registry.terraform.io/hashicorp/azurerm\"]",
      "instances": [
        {
          "schema_version": 0,
          "attributes": {
            "address_space": [
              "10.0.0.0/16"
            ],
            "bgp_community": "",
            "ddos_protection_plan": [],
            "dns_servers": [],
            "flow_timeout_in_minutes": 0,
            "guid": "7cba333a-1b68-439d-9d2d-78020ea0ba3d",
            "id": "/subscriptions/6a8d8fb6-128b-4e07-86e2-a66c0a4b6c2f/resourceGroups/example-resources/providers/Microsoft.Network/virtualNetworks/hubnet",
            "location": "westeurope",
            "name": "hubnet",
            "resource_group_name": "example-resources",
            "subnet": [],
            "tags": {
              "environment": "dev"
            },
            "timeouts": null,
            "vm_protection_enabled": false
          },
          "sensitive_attributes": [],
          "private": "eyJlMmJmYjczMC1lY2FhLTExZTYtOGY4OC0zNDM2M2JjN2M0YzAiOnsiY3JlYXRlIjoxODAwMDAwMDAwMDAwLCJkZWxldGUiOjE4MDAwMDAwMDAwMDAsInJlYWQiOjMwMDAwMDAwMDAwMCwidXBkYXRlIjoxODAwMDAwMDAwMDAwfX0=",
          "dependencies": [
            "azurerm_resource_group.example",
            "module.hub_network.data.azurerm_resource_group.network"
          ]
        }
      ]
    },
    {
      "module": "module.linuxservers",
      "mode": "data",
      "type": "azurerm_public_ip",
      "name": "vm",
      "provider": "provider[\"registry.terraform.io/hashicorp/azurerm\"]",
      "instances": [
        {
          "index_key": 0,
          "schema_version": 0,
          "attributes": {
            "allocation_method": "Dynamic",
            "domain_name_label": "linsimplevmips",
            "fqdn": "linsimplevmips.westeurope.cloudapp.azure.com",
            "id": "/subscriptions/6a8d8fb6-128b-4e07-86e2-a66c0a4b6c2f/resourceGroups/example-resources/providers/Microsoft.Network/publicIPAddresses/myvm-pip-0",
            "idle_timeout_in_minutes": 4,
            "ip_address": "20.126.37.115",
            "ip_tags": {},
            "ip_version": "IPv4",
            "location": "westeurope",
            "name": "myvm-pip-0",
            "resource_group_name": "example-resources",
            "reverse_fqdn": "",
            "sku": "Basic",
            "tags": {
              "source": "terraform"
            },
            "timeouts": null,
            "zones": []
          },
          "sensitive_attributes": []
        }
      ]
    },
    {
      "module": "module.linuxservers",
      "mode": "data",
      "type": "azurerm_resource_group",
      "name": "vm",
      "provider": "provider[\"registry.terraform.io/hashicorp/azurerm\"]",
      "instances": [
        {
          "schema_version": 0,
          "attributes": {
            "id": "/subscriptions/6a8d8fb6-128b-4e07-86e2-a66c0a4b6c2f/resourceGroups/example-resources",
            "location": "westeurope",
            "name": "example-resources",
            "tags": {},
            "timeouts": null
          },
          "sensitive_attributes": []
        }
      ]
    },
    {
      "module": "module.linuxservers",
      "mode": "managed",
      "type": "azurerm_availability_set",
      "name": "vm",
      "provider": "provider[\"registry.terraform.io/hashicorp/azurerm\"]",
      "instances": [
        {
          "schema_version": 0,
          "attributes": {
            "id": "/subscriptions/6a8d8fb6-128b-4e07-86e2-a66c0a4b6c2f/resourceGroups/example-resources/providers/Microsoft.Compute/availabilitySets/myvm-avset",
            "location": "westeurope",
            "managed": true,
            "name": "myvm-avset",
            "platform_fault_domain_count": 2,
            "platform_update_domain_count": 2,
            "proximity_placement_group_id": null,
            "resource_group_name": "example-resources",
            "tags": {
              "source": "terraform"
            },
            "timeouts": null
          },
          "sensitive_attributes": [],
          "private": "eyJlMmJmYjczMC1lY2FhLTExZTYtOGY4OC0zNDM2M2JjN2M0YzAiOnsiY3JlYXRlIjoxODAwMDAwMDAwMDAwLCJkZWxldGUiOjE4MDAwMDAwMDAwMDAsInJlYWQiOjMwMDAwMDAwMDAwMCwidXBkYXRlIjoxODAwMDAwMDAwMDAwfX0=",
          "dependencies": [
            "azurerm_resource_group.example",
            "module.linuxservers.data.azurerm_resource_group.vm"
          ]
        }
      ]
    },
    {
      "module": "module.linuxservers",
      "mode": "managed",
      "type": "azurerm_network_interface",
      "name": "vm",
      "provider": "provider[\"registry.terraform.io/hashicorp/azurerm\"]",
      "instances": [
        {
          "index_key": 0,
          "schema_version": 0,
          "attributes": {
            "applied_dns_servers": [],
            "dns_servers": [],
            "enable_accelerated_networking": false,
            "enable_ip_forwarding": false,
            "id": "/subscriptions/6a8d8fb6-128b-4e07-86e2-a66c0a4b6c2f/resourceGroups/example-resources/providers/Microsoft.Network/networkInterfaces/myvm-nic-0",
            "internal_dns_name_label": "",
            "internal_domain_name_suffix": "hiz1u5didoouhhjnpaba3if0hf.ax.internal.cloudapp.net",
            "ip_configuration": [
              {
                "gateway_load_balancer_frontend_ip_configuration_id": "",
                "name": "myvm-ip-0",
                "primary": true,
                "private_ip_address": "10.0.1.4",
                "private_ip_address_allocation": "Dynamic",
                "private_ip_address_version": "IPv4",
                "public_ip_address_id": "/subscriptions/6a8d8fb6-128b-4e07-86e2-a66c0a4b6c2f/resourceGroups/example-resources/providers/Microsoft.Network/publicIPAddresses/myvm-pip-0",
                "subnet_id": "/subscriptions/6a8d8fb6-128b-4e07-86e2-a66c0a4b6c2f/resourceGroups/example-resources/providers/Microsoft.Network/virtualNetworks/hubnet/subnets/hub_subnet"
              }
            ],
            "location": "westeurope",
            "mac_address": "",
            "name": "myvm-nic-0",
            "private_ip_address": "10.0.1.4",
            "private_ip_addresses": [
              "10.0.1.4"
            ],
            "resource_group_name": "example-resources",
            "tags": {
              "source": "terraform"
            },
            "timeouts": null,
            "virtual_machine_id": ""
          },
          "sensitive_attributes": [],
          "private": "eyJlMmJmYjczMC1lY2FhLTExZTYtOGY4OC0zNDM2M2JjN2M0YzAiOnsiY3JlYXRlIjoxODAwMDAwMDAwMDAwLCJkZWxldGUiOjE4MDAwMDAwMDAwMDAsInJlYWQiOjMwMDAwMDAwMDAwMCwidXBkYXRlIjoxODAwMDAwMDAwMDAwfX0=",
          "dependencies": [
            "azurerm_resource_group.example",
            "module.hub_network.azurerm_subnet.subnet",
            "module.hub_network.azurerm_virtual_network.vnet",
            "module.hub_network.data.azurerm_resource_group.network",
            "module.linuxservers.azurerm_public_ip.vm",
            "module.linuxservers.data.azurerm_resource_group.vm"
          ]
        }
      ]
    },
    {
      "module": "module.linuxservers",
      "mode": "managed",
      "type": "azurerm_network_interface_security_group_association",
      "name": "test",
      "provider": "provider[\"registry.terraform.io/hashicorp/azurerm\"]",
      "instances": [
        {
          "index_key": 0,
          "schema_version": 0,
          "attributes": {
            "id": "/subscriptions/6a8d8fb6-128b-4e07-86e2-a66c0a4b6c2f/resourceGroups/example-resources/providers/Microsoft.Network/networkInterfaces/myvm-nic-0|/subscriptions/6a8d8fb6-128b-4e07-86e2-a66c0a4b6c2f/resourceGroups/example-resources/providers/Microsoft.Network/networkSecurityGroups/myvm-nsg",
            "network_interface_id": "/subscriptions/6a8d8fb6-128b-4e07-86e2-a66c0a4b6c2f/resourceGroups/example-resources/providers/Microsoft.Network/networkInterfaces/myvm-nic-0",
            "network_security_group_id": "/subscriptions/6a8d8fb6-128b-4e07-86e2-a66c0a4b6c2f/resourceGroups/example-resources/providers/Microsoft.Network/networkSecurityGroups/myvm-nsg",
            "timeouts": null
          },
          "sensitive_attributes": [],
          "private": "eyJlMmJmYjczMC1lY2FhLTExZTYtOGY4OC0zNDM2M2JjN2M0YzAiOnsiY3JlYXRlIjoxODAwMDAwMDAwMDAwLCJkZWxldGUiOjE4MDAwMDAwMDAwMDAsInJlYWQiOjMwMDAwMDAwMDAwMCwidXBkYXRlIjoxODAwMDAwMDAwMDAwfX0=",
          "dependencies": [
            "azurerm_resource_group.example",
            "module.hub_network.azurerm_subnet.subnet",
            "module.hub_network.azurerm_virtual_network.vnet",
            "module.hub_network.data.azurerm_resource_group.network",
            "module.linuxservers.azurerm_network_interface.vm",
            "module.linuxservers.azurerm_network_security_group.vm",
            "module.linuxservers.azurerm_public_ip.vm",
            "module.linuxservers.data.azurerm_resource_group.vm"
          ]
        }
      ]
    },
    {
      "module": "module.linuxservers",
      "mode": "managed",
      "type": "azurerm_network_security_group",
      "name": "vm",
      "provider": "provider[\"registry.terraform.io/hashicorp/azurerm\"]",
      "instances": [
        {
          "schema_version": 0,
          "attributes": {
            "id": "/subscriptions/6a8d8fb6-128b-4e07-86e2-a66c0a4b6c2f/resourceGroups/example-resources/providers/Microsoft.Network/networkSecurityGroups/myvm-nsg",
            "location": "westeurope",
            "name": "myvm-nsg",
            "resource_group_name": "example-resources",
            "security_rule": [],
            "tags": {
              "source": "terraform"
            },
            "timeouts": null
          },
          "sensitive_attributes": [],
          "private": "eyJlMmJmYjczMC1lY2FhLTExZTYtOGY4OC0zNDM2M2JjN2M0YzAiOnsiY3JlYXRlIjoxODAwMDAwMDAwMDAwLCJkZWxldGUiOjE4MDAwMDAwMDAwMDAsInJlYWQiOjMwMDAwMDAwMDAwMCwidXBkYXRlIjoxODAwMDAwMDAwMDAwfX0=",
          "dependencies": [
            "azurerm_resource_group.example",
            "module.linuxservers.data.azurerm_resource_group.vm"
          ]
        }
      ]
    },
    {
      "module": "module.linuxservers",
      "mode": "managed",
      "type": "azurerm_public_ip",
      "name": "vm",
      "provider": "provider[\"registry.terraform.io/hashicorp/azurerm\"]",
      "instances": [
        {
          "index_key": 0,
          "schema_version": 0,
          "attributes": {
            "allocation_method": "Dynamic",
            "availability_zone": "No-Zone",
            "domain_name_label": "linsimplevmips",
            "fqdn": "linsimplevmips.westeurope.cloudapp.azure.com",
            "id": "/subscriptions/6a8d8fb6-128b-4e07-86e2-a66c0a4b6c2f/resourceGroups/example-resources/providers/Microsoft.Network/publicIPAddresses/myvm-pip-0",
            "idle_timeout_in_minutes": 4,
            "ip_address": "",
            "ip_tags": null,
            "ip_version": "IPv4",
            "location": "westeurope",
            "name": "myvm-pip-0",
            "public_ip_prefix_id": null,
            "resource_group_name": "example-resources",
            "reverse_fqdn": "",
            "sku": "Basic",
            "sku_tier": "Regional",
            "tags": {
              "source": "terraform"
            },
            "timeouts": null,
            "zones": []
          },
          "sensitive_attributes": [],
          "private": "eyJlMmJmYjczMC1lY2FhLTExZTYtOGY4OC0zNDM2M2JjN2M0YzAiOnsiY3JlYXRlIjoxODAwMDAwMDAwMDAwLCJkZWxldGUiOjE4MDAwMDAwMDAwMDAsInJlYWQiOjMwMDAwMDAwMDAwMCwidXBkYXRlIjoxODAwMDAwMDAwMDAwfX0=",
          "dependencies": [
            "azurerm_resource_group.example",
            "module.linuxservers.data.azurerm_resource_group.vm"
          ]
        }
      ]
    },
    {
      "module": "module.linuxservers",
      "mode": "managed",
      "type": "azurerm_virtual_machine",
      "name": "vm-linux",
      "provider": "provider[\"registry.terraform.io/hashicorp/azurerm\"]",
      "instances": [
        {
          "index_key": 0,
          "schema_version": 0,
          "attributes": {
            "additional_capabilities": [],
            "availability_set_id": "/subscriptions/6a8d8fb6-128b-4e07-86e2-a66c0a4b6c2f/resourcegroups/example-resources/providers/microsoft.compute/availabilitysets/myvm-avset",
            "boot_diagnostics": [
              {
                "enabled": false,
                "storage_uri": ""
              }
            ],
            "delete_data_disks_on_termination": false,
            "delete_os_disk_on_termination": false,
            "id": "/subscriptions/6a8d8fb6-128b-4e07-86e2-a66c0a4b6c2f/resourceGroups/example-resources/providers/Microsoft.Compute/virtualMachines/myvm-vmLinux-0",
            "identity": [],
            "license_type": null,
            "location": "westeurope",
            "name": "myvm-vmLinux-0",
            "network_interface_ids": [
              "/subscriptions/6a8d8fb6-128b-4e07-86e2-a66c0a4b6c2f/resourceGroups/example-resources/providers/Microsoft.Network/networkInterfaces/myvm-nic-0"
            ],
            "os_profile": [
              {
                "admin_password": "",
                "admin_username": "azureuser",
                "computer_name": "myvm-0",
                "custom_data": "da39a3ee5e6b4b0d3255bfef95601890afd80709"
              }
            ],
            "os_profile_linux_config": [
              {
                "disable_password_authentication": true,
                "ssh_keys": [
                  {
                    "key_data": "ssh-rsa AAAAB3NzaC1yc2EAAAADAQABAAABgQC57P7c1orQZDpvVI2SERaQk+HbKFWYxDUe9TuTvSIYG3p3utuIKIif/81Urs/71uC0cQTU33VA8SxqO5Ch6X6rV8RSYOC8ppxreqoDRoDNP72kcexC3aaTJF6EoOFFY4g0em6atZpvNART6n96wWmmHrnzw8pzBG8dDPQsfMMh0fKsWTEZvLX5+dMSJUz1z10cMD1HirjeCGkDqy2/W3/VMNJEtvqTwBDvSPugOO2NKE5SJ/q2Cw9zVars9f+x++Ujb7acu7u+3peUQE+gyv9xQ0ErBx+8U2eizN/RQNx0IeXKbpwkE5bEoC7RrdeGA3LUFaxXJQ2K2EhFywiomDkHPglQd3Vc7CXRbpWBwtphwmq5E5COLFFI+tZH8FgbuFFPx5QX62zb4q6WD27dz54EN/ahjYfjZ4riqsOlppZg+jAhv7D6sQCFTD0kRxuhZfEFG9eEXccZ7ZeY4yJl/WOcfBaCYVTQsxmQE5Q3Rt8XQGQr362RY2xxvWvdLQ0Ju+U= jitendrasingh@Jitendras-Air\n",
                    "path": "/home/azureuser/.ssh/authorized_keys"
                  }
                ]
              }
            ],
            "os_profile_secrets": [],
            "os_profile_windows_config": [],
            "plan": [],
            "primary_network_interface_id": null,
            "proximity_placement_group_id": null,
            "resource_group_name": "example-resources",
            "storage_data_disk": [],
            "storage_image_reference": [
              {
                "id": "",
                "offer": "UbuntuServer",
                "publisher": "Canonical",
                "sku": "18.04-LTS",
                "version": "latest"
              }
            ],
            "storage_os_disk": [
              {
                "caching": "ReadWrite",
                "create_option": "FromImage",
                "disk_size_gb": 30,
                "image_uri": "",
                "managed_disk_id": "/subscriptions/6a8d8fb6-128b-4e07-86e2-a66c0a4b6c2f/resourceGroups/example-resources/providers/Microsoft.Compute/disks/osdisk-myvm-0",
                "managed_disk_type": "Premium_LRS",
                "name": "osdisk-myvm-0",
                "os_type": "Linux",
                "vhd_uri": "",
                "write_accelerator_enabled": false
              }
            ],
            "tags": {
              "source": "terraform"
            },
            "timeouts": null,
            "vm_size": "Standard_D2s_v3",
            "zones": null
          },
          "sensitive_attributes": [],
          "private": "eyJlMmJmYjczMC1lY2FhLTExZTYtOGY4OC0zNDM2M2JjN2M0YzAiOnsiY3JlYXRlIjozNjAwMDAwMDAwMDAwLCJkZWxldGUiOjM2MDAwMDAwMDAwMDAsInJlYWQiOjMwMDAwMDAwMDAwMCwidXBkYXRlIjozNjAwMDAwMDAwMDAwfX0=",
          "dependencies": [
            "azurerm_resource_group.example",
            "module.hub_network.azurerm_subnet.subnet",
            "module.hub_network.azurerm_virtual_network.vnet",
            "module.hub_network.data.azurerm_resource_group.network",
            "module.linuxservers.azurerm_availability_set.vm",
            "module.linuxservers.azurerm_network_interface.vm",
            "module.linuxservers.azurerm_public_ip.vm",
            "module.linuxservers.azurerm_storage_account.vm-sa",
            "module.linuxservers.data.azurerm_resource_group.vm"
          ]
        }
      ]
    },
    {
      "module": "module.linuxservers",
      "mode": "managed",
      "type": "random_id",
      "name": "vm-sa",
      "provider": "provider[\"registry.terraform.io/hashicorp/random\"]",
      "instances": [
        {
          "schema_version": 0,
          "attributes": {
            "b64_std": "flcK+ePQ",
            "b64_url": "flcK-ePQ",
            "byte_length": 6,
            "dec": "138912311403472",
            "hex": "7e570af9e3d0",
            "id": "flcK-ePQ",
            "keepers": {
              "vm_hostname": "myvm"
            },
            "prefix": null
          },
          "sensitive_attributes": [],
          "private": "bnVsbA==",
          "dependencies": [
            "azurerm_resource_group.example"
          ]
        }
      ]
    },
    {
      "module": "module.spoke_network",
      "mode": "data",
      "type": "azurerm_resource_group",
      "name": "network",
      "provider": "provider[\"registry.terraform.io/hashicorp/azurerm\"]",
      "instances": [
        {
          "schema_version": 0,
          "attributes": {
            "id": "/subscriptions/6a8d8fb6-128b-4e07-86e2-a66c0a4b6c2f/resourceGroups/example-resources",
            "location": "westeurope",
            "name": "example-resources",
            "tags": {},
            "timeouts": null
          },
          "sensitive_attributes": []
        }
      ]
    },
    {
      "module": "module.spoke_network",
      "mode": "managed",
      "type": "azurerm_subnet",
      "name": "subnet",
      "provider": "provider[\"registry.terraform.io/hashicorp/azurerm\"]",
      "instances": [
        {
          "index_key": 0,
          "schema_version": 0,
          "attributes": {
            "address_prefix": "10.2.0.0/24",
            "address_prefixes": [
              "10.2.0.0/24"
            ],
            "delegation": [],
            "enforce_private_link_endpoint_network_policies": false,
            "enforce_private_link_service_network_policies": false,
            "id": "/subscriptions/6a8d8fb6-128b-4e07-86e2-a66c0a4b6c2f/resourceGroups/example-resources/providers/Microsoft.Network/virtualNetworks/spokenet/subnets/spoke_subnet",
            "name": "spoke_subnet",
            "resource_group_name": "example-resources",
            "service_endpoint_policy_ids": null,
            "service_endpoints": [],
            "timeouts": null,
            "virtual_network_name": "spokenet"
          },
          "sensitive_attributes": [],
          "private": "eyJlMmJmYjczMC1lY2FhLTExZTYtOGY4OC0zNDM2M2JjN2M0YzAiOnsiY3JlYXRlIjoxODAwMDAwMDAwMDAwLCJkZWxldGUiOjE4MDAwMDAwMDAwMDAsInJlYWQiOjMwMDAwMDAwMDAwMCwidXBkYXRlIjoxODAwMDAwMDAwMDAwfX0=",
          "dependencies": [
            "azurerm_resource_group.example",
            "module.spoke_network.azurerm_virtual_network.vnet",
            "module.spoke_network.data.azurerm_resource_group.network"
          ]
        }
      ]
    },
    {
      "module": "module.spoke_network",
      "mode": "managed",
      "type": "azurerm_virtual_network",
      "name": "vnet",
      "provider": "provider[\"registry.terraform.io/hashicorp/azurerm\"]",
      "instances": [
        {
          "schema_version": 0,
          "attributes": {
            "address_space": [
              "10.2.0.0/16"
            ],
            "bgp_community": "",
            "ddos_protection_plan": [],
            "dns_servers": [],
            "flow_timeout_in_minutes": 0,
            "guid": "92ffb774-935c-464c-9cb0-7fbb11ab2bff",
            "id": "/subscriptions/6a8d8fb6-128b-4e07-86e2-a66c0a4b6c2f/resourceGroups/example-resources/providers/Microsoft.Network/virtualNetworks/spokenet",
            "location": "westeurope",
            "name": "spokenet",
            "resource_group_name": "example-resources",
            "subnet": [],
            "tags": {
              "environment": "dev"
            },
            "timeouts": null,
            "vm_protection_enabled": false
          },
          "sensitive_attributes": [],
          "private": "eyJlMmJmYjczMC1lY2FhLTExZTYtOGY4OC0zNDM2M2JjN2M0YzAiOnsiY3JlYXRlIjoxODAwMDAwMDAwMDAwLCJkZWxldGUiOjE4MDAwMDAwMDAwMDAsInJlYWQiOjMwMDAwMDAwMDAwMCwidXBkYXRlIjoxODAwMDAwMDAwMDAwfX0=",
          "dependencies": [
            "azurerm_resource_group.example",
            "module.spoke_network.data.azurerm_resource_group.network"
          ]
        }
      ]
    },
    {
      "module": "module.windowsservers",
      "mode": "data",
      "type": "azurerm_public_ip",
      "name": "vm",
      "provider": "provider[\"registry.terraform.io/hashicorp/azurerm\"]",
      "instances": [
        {
          "index_key": 0,
          "schema_version": 0,
          "attributes": {
            "allocation_method": "Dynamic",
            "domain_name_label": "winsimplevmips1",
            "fqdn": "winsimplevmips1.westeurope.cloudapp.azure.com",
            "id": "/subscriptions/6a8d8fb6-128b-4e07-86e2-a66c0a4b6c2f/resourceGroups/example-resources/providers/Microsoft.Network/publicIPAddresses/mywinvm-pip-0",
            "idle_timeout_in_minutes": 4,
            "ip_address": "20.126.70.73",
            "ip_tags": {},
            "ip_version": "IPv4",
            "location": "westeurope",
            "name": "mywinvm-pip-0",
            "resource_group_name": "example-resources",
            "reverse_fqdn": "",
            "sku": "Basic",
            "tags": {
              "source": "terraform"
            },
            "timeouts": null,
            "zones": []
          },
          "sensitive_attributes": []
        }
      ]
    },
    {
      "module": "module.windowsservers",
      "mode": "data",
      "type": "azurerm_resource_group",
      "name": "vm",
      "provider": "provider[\"registry.terraform.io/hashicorp/azurerm\"]",
      "instances": [
        {
          "schema_version": 0,
          "attributes": {
            "id": "/subscriptions/6a8d8fb6-128b-4e07-86e2-a66c0a4b6c2f/resourceGroups/example-resources",
            "location": "westeurope",
            "name": "example-resources",
            "tags": {},
            "timeouts": null
          },
          "sensitive_attributes": []
        }
      ]
    },
    {
      "module": "module.windowsservers",
      "mode": "managed",
      "type": "azurerm_availability_set",
      "name": "vm",
      "provider": "provider[\"registry.terraform.io/hashicorp/azurerm\"]",
      "instances": [
        {
          "schema_version": 0,
          "attributes": {
            "id": "/subscriptions/6a8d8fb6-128b-4e07-86e2-a66c0a4b6c2f/resourceGroups/example-resources/providers/Microsoft.Compute/availabilitySets/mywinvm-avset",
            "location": "westeurope",
            "managed": true,
            "name": "mywinvm-avset",
            "platform_fault_domain_count": 2,
            "platform_update_domain_count": 2,
            "proximity_placement_group_id": null,
            "resource_group_name": "example-resources",
            "tags": {
              "source": "terraform"
            },
            "timeouts": null
          },
          "sensitive_attributes": [],
          "private": "eyJlMmJmYjczMC1lY2FhLTExZTYtOGY4OC0zNDM2M2JjN2M0YzAiOnsiY3JlYXRlIjoxODAwMDAwMDAwMDAwLCJkZWxldGUiOjE4MDAwMDAwMDAwMDAsInJlYWQiOjMwMDAwMDAwMDAwMCwidXBkYXRlIjoxODAwMDAwMDAwMDAwfX0=",
          "dependencies": [
            "azurerm_resource_group.example",
            "module.windowsservers.data.azurerm_resource_group.vm"
          ]
        }
      ]
    },
    {
      "module": "module.windowsservers",
      "mode": "managed",
      "type": "azurerm_network_interface",
      "name": "vm",
      "provider": "provider[\"registry.terraform.io/hashicorp/azurerm\"]",
      "instances": [
        {
          "index_key": 0,
          "schema_version": 0,
          "attributes": {
            "applied_dns_servers": [],
            "dns_servers": [],
            "enable_accelerated_networking": false,
            "enable_ip_forwarding": false,
            "id": "/subscriptions/6a8d8fb6-128b-4e07-86e2-a66c0a4b6c2f/resourceGroups/example-resources/providers/Microsoft.Network/networkInterfaces/mywinvm-nic-0",
            "internal_dns_name_label": "",
            "internal_domain_name_suffix": "os155es2sngenhfqp43rdkzl5h.ax.internal.cloudapp.net",
            "ip_configuration": [
              {
                "gateway_load_balancer_frontend_ip_configuration_id": "",
                "name": "mywinvm-ip-0",
                "primary": true,
                "private_ip_address": "10.2.0.4",
                "private_ip_address_allocation": "Dynamic",
                "private_ip_address_version": "IPv4",
                "public_ip_address_id": "/subscriptions/6a8d8fb6-128b-4e07-86e2-a66c0a4b6c2f/resourceGroups/example-resources/providers/Microsoft.Network/publicIPAddresses/mywinvm-pip-0",
                "subnet_id": "/subscriptions/6a8d8fb6-128b-4e07-86e2-a66c0a4b6c2f/resourceGroups/example-resources/providers/Microsoft.Network/virtualNetworks/spokenet/subnets/spoke_subnet"
              }
            ],
            "location": "westeurope",
            "mac_address": "",
            "name": "mywinvm-nic-0",
            "private_ip_address": "10.2.0.4",
            "private_ip_addresses": [
              "10.2.0.4"
            ],
            "resource_group_name": "example-resources",
            "tags": {
              "source": "terraform"
            },
            "timeouts": null,
            "virtual_machine_id": ""
          },
          "sensitive_attributes": [],
          "private": "eyJlMmJmYjczMC1lY2FhLTExZTYtOGY4OC0zNDM2M2JjN2M0YzAiOnsiY3JlYXRlIjoxODAwMDAwMDAwMDAwLCJkZWxldGUiOjE4MDAwMDAwMDAwMDAsInJlYWQiOjMwMDAwMDAwMDAwMCwidXBkYXRlIjoxODAwMDAwMDAwMDAwfX0=",
          "dependencies": [
            "azurerm_resource_group.example",
            "module.spoke_network.azurerm_subnet.subnet",
            "module.spoke_network.azurerm_virtual_network.vnet",
            "module.spoke_network.data.azurerm_resource_group.network",
            "module.windowsservers.azurerm_public_ip.vm",
            "module.windowsservers.data.azurerm_resource_group.vm"
          ]
        }
      ]
    },
    {
      "module": "module.windowsservers",
      "mode": "managed",
      "type": "azurerm_network_interface_security_group_association",
      "name": "test",
      "provider": "provider[\"registry.terraform.io/hashicorp/azurerm\"]",
      "instances": [
        {
          "index_key": 0,
          "schema_version": 0,
          "attributes": {
            "id": "/subscriptions/6a8d8fb6-128b-4e07-86e2-a66c0a4b6c2f/resourceGroups/example-resources/providers/Microsoft.Network/networkInterfaces/mywinvm-nic-0|/subscriptions/6a8d8fb6-128b-4e07-86e2-a66c0a4b6c2f/resourceGroups/example-resources/providers/Microsoft.Network/networkSecurityGroups/mywinvm-nsg",
            "network_interface_id": "/subscriptions/6a8d8fb6-128b-4e07-86e2-a66c0a4b6c2f/resourceGroups/example-resources/providers/Microsoft.Network/networkInterfaces/mywinvm-nic-0",
            "network_security_group_id": "/subscriptions/6a8d8fb6-128b-4e07-86e2-a66c0a4b6c2f/resourceGroups/example-resources/providers/Microsoft.Network/networkSecurityGroups/mywinvm-nsg",
            "timeouts": null
          },
          "sensitive_attributes": [],
          "private": "eyJlMmJmYjczMC1lY2FhLTExZTYtOGY4OC0zNDM2M2JjN2M0YzAiOnsiY3JlYXRlIjoxODAwMDAwMDAwMDAwLCJkZWxldGUiOjE4MDAwMDAwMDAwMDAsInJlYWQiOjMwMDAwMDAwMDAwMCwidXBkYXRlIjoxODAwMDAwMDAwMDAwfX0=",
          "dependencies": [
            "azurerm_resource_group.example",
            "module.spoke_network.azurerm_subnet.subnet",
            "module.spoke_network.azurerm_virtual_network.vnet",
            "module.spoke_network.data.azurerm_resource_group.network",
            "module.windowsservers.azurerm_network_interface.vm",
            "module.windowsservers.azurerm_network_security_group.vm",
            "module.windowsservers.azurerm_public_ip.vm",
            "module.windowsservers.data.azurerm_resource_group.vm"
          ]
        }
      ]
    },
    {
      "module": "module.windowsservers",
      "mode": "managed",
      "type": "azurerm_network_security_group",
      "name": "vm",
      "provider": "provider[\"registry.terraform.io/hashicorp/azurerm\"]",
      "instances": [
        {
          "schema_version": 0,
          "attributes": {
            "id": "/subscriptions/6a8d8fb6-128b-4e07-86e2-a66c0a4b6c2f/resourceGroups/example-resources/providers/Microsoft.Network/networkSecurityGroups/mywinvm-nsg",
            "location": "westeurope",
            "name": "mywinvm-nsg",
            "resource_group_name": "example-resources",
            "security_rule": [],
            "tags": {
              "source": "terraform"
            },
            "timeouts": null
          },
          "sensitive_attributes": [],
          "private": "eyJlMmJmYjczMC1lY2FhLTExZTYtOGY4OC0zNDM2M2JjN2M0YzAiOnsiY3JlYXRlIjoxODAwMDAwMDAwMDAwLCJkZWxldGUiOjE4MDAwMDAwMDAwMDAsInJlYWQiOjMwMDAwMDAwMDAwMCwidXBkYXRlIjoxODAwMDAwMDAwMDAwfX0=",
          "dependencies": [
            "azurerm_resource_group.example",
            "module.windowsservers.data.azurerm_resource_group.vm"
          ]
        }
      ]
    },
    {
      "module": "module.windowsservers",
      "mode": "managed",
      "type": "azurerm_public_ip",
      "name": "vm",
      "provider": "provider[\"registry.terraform.io/hashicorp/azurerm\"]",
      "instances": [
        {
          "index_key": 0,
          "schema_version": 0,
          "attributes": {
            "allocation_method": "Dynamic",
            "availability_zone": "No-Zone",
            "domain_name_label": "winsimplevmips1",
            "fqdn": "winsimplevmips1.westeurope.cloudapp.azure.com",
            "id": "/subscriptions/6a8d8fb6-128b-4e07-86e2-a66c0a4b6c2f/resourceGroups/example-resources/providers/Microsoft.Network/publicIPAddresses/mywinvm-pip-0",
            "idle_timeout_in_minutes": 4,
            "ip_address": "",
            "ip_tags": null,
            "ip_version": "IPv4",
            "location": "westeurope",
            "name": "mywinvm-pip-0",
            "public_ip_prefix_id": null,
            "resource_group_name": "example-resources",
            "reverse_fqdn": "",
            "sku": "Basic",
            "sku_tier": "Regional",
            "tags": {
              "source": "terraform"
            },
            "timeouts": null,
            "zones": []
          },
          "sensitive_attributes": [],
          "private": "eyJlMmJmYjczMC1lY2FhLTExZTYtOGY4OC0zNDM2M2JjN2M0YzAiOnsiY3JlYXRlIjoxODAwMDAwMDAwMDAwLCJkZWxldGUiOjE4MDAwMDAwMDAwMDAsInJlYWQiOjMwMDAwMDAwMDAwMCwidXBkYXRlIjoxODAwMDAwMDAwMDAwfX0=",
          "dependencies": [
            "azurerm_resource_group.example",
            "module.windowsservers.data.azurerm_resource_group.vm"
          ]
        }
      ]
    },
    {
      "module": "module.windowsservers",
      "mode": "managed",
      "type": "azurerm_virtual_machine",
      "name": "vm-windows",
      "provider": "provider[\"registry.terraform.io/hashicorp/azurerm\"]",
      "instances": [
        {
          "index_key": 0,
          "schema_version": 0,
          "attributes": {
            "additional_capabilities": [],
            "availability_set_id": "/subscriptions/6a8d8fb6-128b-4e07-86e2-a66c0a4b6c2f/resourcegroups/example-resources/providers/microsoft.compute/availabilitysets/mywinvm-avset",
            "boot_diagnostics": [
              {
                "enabled": false,
                "storage_uri": ""
              }
            ],
            "delete_data_disks_on_termination": false,
            "delete_os_disk_on_termination": false,
            "id": "/subscriptions/6a8d8fb6-128b-4e07-86e2-a66c0a4b6c2f/resourceGroups/example-resources/providers/Microsoft.Compute/virtualMachines/mywinvm-vmWindows-0",
            "identity": [],
            "license_type": null,
            "location": "westeurope",
            "name": "mywinvm-vmWindows-0",
            "network_interface_ids": [
              "/subscriptions/6a8d8fb6-128b-4e07-86e2-a66c0a4b6c2f/resourceGroups/example-resources/providers/Microsoft.Network/networkInterfaces/mywinvm-nic-0"
            ],
            "os_profile": [
              {
                "admin_password": "",
                "admin_username": "azureuser",
                "computer_name": "mywinvm-0",
                "custom_data": ""
              }
            ],
            "os_profile_linux_config": [],
            "os_profile_secrets": [],
            "os_profile_windows_config": [
              {
                "additional_unattend_config": [],
                "enable_automatic_upgrades": false,
                "provision_vm_agent": true,
                "timezone": "",
                "winrm": []
              }
            ],
            "plan": [],
            "primary_network_interface_id": null,
            "proximity_placement_group_id": null,
            "resource_group_name": "example-resources",
            "storage_data_disk": [],
            "storage_image_reference": [
              {
                "id": "",
                "offer": "WindowsServer",
                "publisher": "MicrosoftWindowsServer",
                "sku": "2019-Datacenter",
                "version": "latest"
              }
            ],
            "storage_os_disk": [
              {
                "caching": "ReadWrite",
                "create_option": "FromImage",
                "disk_size_gb": 127,
                "image_uri": "",
                "managed_disk_id": "/subscriptions/6a8d8fb6-128b-4e07-86e2-a66c0a4b6c2f/resourceGroups/example-resources/providers/Microsoft.Compute/disks/mywinvm-osdisk-0",
                "managed_disk_type": "Premium_LRS",
                "name": "mywinvm-osdisk-0",
                "os_type": "Windows",
                "vhd_uri": "",
                "write_accelerator_enabled": false
              }
            ],
            "tags": {
              "source": "terraform"
            },
            "timeouts": null,
            "vm_size": "Standard_D2s_v3",
            "zones": null
          },
          "sensitive_attributes": [],
          "private": "eyJlMmJmYjczMC1lY2FhLTExZTYtOGY4OC0zNDM2M2JjN2M0YzAiOnsiY3JlYXRlIjozNjAwMDAwMDAwMDAwLCJkZWxldGUiOjM2MDAwMDAwMDAwMDAsInJlYWQiOjMwMDAwMDAwMDAwMCwidXBkYXRlIjozNjAwMDAwMDAwMDAwfX0=",
          "dependencies": [
            "azurerm_resource_group.example",
            "module.spoke_network.azurerm_subnet.subnet",
            "module.spoke_network.azurerm_virtual_network.vnet",
            "module.spoke_network.data.azurerm_resource_group.network",
            "module.windowsservers.azurerm_availability_set.vm",
            "module.windowsservers.azurerm_network_interface.vm",
            "module.windowsservers.azurerm_public_ip.vm",
            "module.windowsservers.azurerm_storage_account.vm-sa",
            "module.windowsservers.data.azurerm_resource_group.vm"
          ]
        }
      ]
    },
    {
      "module": "module.windowsservers",
      "mode": "managed",
      "type": "random_id",
      "name": "vm-sa",
      "provider": "provider[\"registry.terraform.io/hashicorp/random\"]",
      "instances": [
        {
          "schema_version": 0,
          "attributes": {
            "b64_std": "J55K9Zc1",
            "b64_url": "J55K9Zc1",
            "byte_length": 6,
            "dec": "43560815925045",
            "hex": "279e4af59735",
            "id": "J55K9Zc1",
            "keepers": {
              "vm_hostname": "mywinvm"
            },
            "prefix": null
          },
          "sensitive_attributes": [],
          "private": "bnVsbA==",
          "dependencies": [
            "azurerm_resource_group.example"
          ]
        }
      ]
    }
  ]
}
